
Microsoft Visual Studio Solution File, Format Version 12.00
# Visual Studio Version 16
VisualStudioVersion = 16.0.31313.79
MinimumVisualStudioVersion = 10.0.40219.1
Project("{FAE04EC0-301F-11D3-BF4B-00C04F79EFBC}") = "symmetrical-umbrella", "symmetrical-umbrella.csproj", "{05C7D192-C7EC-4518-9918-10B3CEB0A047}"
EndProject
Global
	GlobalSection(SolutionConfigurationPlatforms) = preSolution
		Debug|Any CPU = Debug|Any CPU
		Release|Any CPU = Release|Any CPU
	EndGlobalSection
	GlobalSection(ProjectConfigurationPlatforms) = postSolution
		{05C7D192-C7EC-4518-9918-10B3CEB0A047}.Debug|Any CPU.ActiveCfg = Debug|Any CPU
		{05C7D192-C7EC-4518-9918-10B3CEB0A047}.Debug|Any CPU.Build.0 = Debug|Any CPU
		{05C7D192-C7EC-4518-9918-10B3CEB0A047}.Release|Any CPU.ActiveCfg = Release|Any CPU
		{05C7D192-C7EC-4518-9918-10B3CEB0A047}.Release|Any CPU.Build.0 = Release|Any CPU
	EndGlobalSection
	GlobalSection(SolutionProperties) = preSolution
		HideSolutionNode = FALSE
	EndGlobalSection
	GlobalSection(ExtensibilityGlobals) = postSolution
		SolutionGuid = {33665D59-BF04-49AC-9EB6-989D84F8BDCA}
	EndGlobalSection
EndGlobal
